
Microsoft Visual Studio Solution File, Format Version 12.00
# Visual Studio Version 17
VisualStudioVersion = 17.4.33403.182
MinimumVisualStudioVersion = 10.0.40219.1
Project("{9A19103F-16F7-4668-BE54-9A1E7A4F7556}") = "GestionTareas.Domain", "GestionTareas.Domain\GestionTareas.Domain.csproj", "{F6A7B9A3-BD97-4D22-B702-940F99376349}"
EndProject
Project("{9A19103F-16F7-4668-BE54-9A1E7A4F7556}") = "GestionTareas.Data", "GestionTareas.Data\GestionTareas.Data.csproj", "{53452EE3-88FD-4FBB-802D-7AF3B8BF54F7}"
EndProject
Project("{9A19103F-16F7-4668-BE54-9A1E7A4F7556}") = "GestionTareas.API", "GestionTareas.API\GestionTareas.API.csproj", "{63C2E37C-D00B-4493-BBB8-C45CE314745B}"
EndProject
Project("{9A19103F-16F7-4668-BE54-9A1E7A4F7556}") = "GestionTareas.Business", "GestionTareas.Business\GestionTareas.Business.csproj", "{69C45DBC-CEE5-4437-A1CB-2DB8C56F1C24}"
EndProject
Global
	GlobalSection(SolutionConfigurationPlatforms) = preSolution
		Debug|Any CPU = Debug|Any CPU
		Release|Any CPU = Release|Any CPU
	EndGlobalSection
	GlobalSection(ProjectConfigurationPlatforms) = postSolution
		{F6A7B9A3-BD97-4D22-B702-940F99376349}.Debug|Any CPU.ActiveCfg = Debug|Any CPU
		{F6A7B9A3-BD97-4D22-B702-940F99376349}.Debug|Any CPU.Build.0 = Debug|Any CPU
		{F6A7B9A3-BD97-4D22-B702-940F99376349}.Release|Any CPU.ActiveCfg = Release|Any CPU
		{F6A7B9A3-BD97-4D22-B702-940F99376349}.Release|Any CPU.Build.0 = Release|Any CPU
		{53452EE3-88FD-4FBB-802D-7AF3B8BF54F7}.Debug|Any CPU.ActiveCfg = Debug|Any CPU
		{53452EE3-88FD-4FBB-802D-7AF3B8BF54F7}.Debug|Any CPU.Build.0 = Debug|Any CPU
		{53452EE3-88FD-4FBB-802D-7AF3B8BF54F7}.Release|Any CPU.ActiveCfg = Release|Any CPU
		{53452EE3-88FD-4FBB-802D-7AF3B8BF54F7}.Release|Any CPU.Build.0 = Release|Any CPU
		{63C2E37C-D00B-4493-BBB8-C45CE314745B}.Debug|Any CPU.ActiveCfg = Debug|Any CPU
		{63C2E37C-D00B-4493-BBB8-C45CE314745B}.Debug|Any CPU.Build.0 = Debug|Any CPU
		{63C2E37C-D00B-4493-BBB8-C45CE314745B}.Release|Any CPU.ActiveCfg = Release|Any CPU
		{63C2E37C-D00B-4493-BBB8-C45CE314745B}.Release|Any CPU.Build.0 = Release|Any CPU
		{69C45DBC-CEE5-4437-A1CB-2DB8C56F1C24}.Debug|Any CPU.ActiveCfg = Debug|Any CPU
		{69C45DBC-CEE5-4437-A1CB-2DB8C56F1C24}.Debug|Any CPU.Build.0 = Debug|Any CPU
		{69C45DBC-CEE5-4437-A1CB-2DB8C56F1C24}.Release|Any CPU.ActiveCfg = Release|Any CPU
		{69C45DBC-CEE5-4437-A1CB-2DB8C56F1C24}.Release|Any CPU.Build.0 = Release|Any CPU
	EndGlobalSection
	GlobalSection(SolutionProperties) = preSolution
		HideSolutionNode = FALSE
	EndGlobalSection
	GlobalSection(ExtensibilityGlobals) = postSolution
		SolutionGuid = {DF7F7C94-EF08-41A7-8FD1-4765C89A4D2E}
	EndGlobalSection
EndGlobal
